// !$*UTF8*$!
{
	archiveVersion = 1;
	classes = {
	};
	objectVersion = 52;
	objects = {

/* Begin PBXBuildFile section */
		473B0DA026A9C8420011293C /* SwiftUIX in Frameworks */ = {isa = PBXBuildFile; productRef = 473B0D9F26A9C8420011293C /* SwiftUIX */; };
		473B0DA326A9C88E0011293C /* Background.swift in Sources */ = {isa = PBXBuildFile; fileRef = 473B0DA226A9C88E0011293C /* Background.swift */; };
		473B0DA526A9C8CE0011293C /* MainRectangle.swift in Sources */ = {isa = PBXBuildFile; fileRef = 473B0DA426A9C8CE0011293C /* MainRectangle.swift */; };
		473B0DA726A9C8E90011293C /* DesignButton.swift in Sources */ = {isa = PBXBuildFile; fileRef = 473B0DA626A9C8E90011293C /* DesignButton.swift */; };
		473B0DA926A9C9030011293C /* CloutTextField.swift in Sources */ = {isa = PBXBuildFile; fileRef = 473B0DA826A9C9030011293C /* CloutTextField.swift */; };
		473B0DAC26A9C92B0011293C /* NewDesignScreen.swift in Sources */ = {isa = PBXBuildFile; fileRef = 473B0DAB26A9C92B0011293C /* NewDesignScreen.swift */; };
		473B0DAE26A9C9680011293C /* Customister.swift in Sources */ = {isa = PBXBuildFile; fileRef = 473B0DAD26A9C9680011293C /* Customister.swift */; };
		473B0DB026A9C9840011293C /* CompleteColorTab.swift in Sources */ = {isa = PBXBuildFile; fileRef = 473B0DAF26A9C9840011293C /* CompleteColorTab.swift */; };
		473B0DB226A9C9A20011293C /* CompletePatternTab.swift in Sources */ = {isa = PBXBuildFile; fileRef = 473B0DB126A9C9A20011293C /* CompletePatternTab.swift */; };
		473B0DB526A9CA1E0011293C /* GradientRectangleB_R.swift in Sources */ = {isa = PBXBuildFile; fileRef = 473B0DB426A9CA1E0011293C /* GradientRectangleB_R.swift */; };
		473B0DB726A9CA390011293C /* GradientRectangleP_B_G.swift in Sources */ = {isa = PBXBuildFile; fileRef = 473B0DB626A9CA390011293C /* GradientRectangleP_B_G.swift */; };
		473B0DB926A9CA4C0011293C /* GradientRectangleG_P.swift in Sources */ = {isa = PBXBuildFile; fileRef = 473B0DB826A9CA4C0011293C /* GradientRectangleG_P.swift */; };
		473B0DBC26A9CA7F0011293C /* RepeatingBitCloutBackground.swift in Sources */ = {isa = PBXBuildFile; fileRef = 473B0DBB26A9CA7F0011293C /* RepeatingBitCloutBackground.swift */; };
		473B0DBE26A9CAD10011293C /* BigBitCloutLogo.swift in Sources */ = {isa = PBXBuildFile; fileRef = 473B0DBD26A9CAD10011293C /* BigBitCloutLogo.swift */; };
		473B0DC026A9CB190011293C /* EmptyPattern.swift in Sources */ = {isa = PBXBuildFile; fileRef = 473B0DBF26A9CB190011293C /* EmptyPattern.swift */; };
		473B0DC326A9CB420011293C /* Clout.swift in Sources */ = {isa = PBXBuildFile; fileRef = 473B0DC226A9CB420011293C /* Clout.swift */; };
		473B0DC526A9CBBE0011293C /* CustomiserModel.swift in Sources */ = {isa = PBXBuildFile; fileRef = 473B0DC426A9CBBE0011293C /* CustomiserModel.swift */; };
		473B0DC726A9CBE40011293C /* PostFound.swift in Sources */ = {isa = PBXBuildFile; fileRef = 473B0DC626A9CBE40011293C /* PostFound.swift */; };
		473B0DCB26A9CD860011293C /* MyImageView.swift in Sources */ = {isa = PBXBuildFile; fileRef = 473B0DCA26A9CD860011293C /* MyImageView.swift */; };
		473F85BC26A9C64F00F40BA7 /* ShareCloutApp.swift in Sources */ = {isa = PBXBuildFile; fileRef = 473F85BB26A9C64F00F40BA7 /* ShareCloutApp.swift */; };
		473F85C026A9C64F00F40BA7 /* Assets.xcassets in Resources */ = {isa = PBXBuildFile; fileRef = 473F85BF26A9C64F00F40BA7 /* Assets.xcassets */; };
		473F85C326A9C64F00F40BA7 /* Preview Assets.xcassets in Resources */ = {isa = PBXBuildFile; fileRef = 473F85C226A9C64F00F40BA7 /* Preview Assets.xcassets */; };
		473F85CE26A9C6A100F40BA7 /* Home.swift in Sources */ = {isa = PBXBuildFile; fileRef = 473F85CD26A9C6A100F40BA7 /* Home.swift */; };
/* End PBXBuildFile section */

/* Begin PBXFileReference section */
		473B0DA226A9C88E0011293C /* Background.swift */ = {isa = PBXFileReference; lastKnownFileType = sourcecode.swift; path = Background.swift; sourceTree = "<group>"; };
		473B0DA426A9C8CE0011293C /* MainRectangle.swift */ = {isa = PBXFileReference; lastKnownFileType = sourcecode.swift; path = MainRectangle.swift; sourceTree = "<group>"; };
		473B0DA626A9C8E90011293C /* DesignButton.swift */ = {isa = PBXFileReference; lastKnownFileType = sourcecode.swift; path = DesignButton.swift; sourceTree = "<group>"; };
		473B0DA826A9C9030011293C /* CloutTextField.swift */ = {isa = PBXFileReference; lastKnownFileType = sourcecode.swift; path = CloutTextField.swift; sourceTree = "<group>"; };
		473B0DAB26A9C92B0011293C /* NewDesignScreen.swift */ = {isa = PBXFileReference; lastKnownFileType = sourcecode.swift; path = NewDesignScreen.swift; sourceTree = "<group>"; };
		473B0DAD26A9C9680011293C /* Customister.swift */ = {isa = PBXFileReference; lastKnownFileType = sourcecode.swift; path = Customister.swift; sourceTree = "<group>"; };
		473B0DAF26A9C9840011293C /* CompleteColorTab.swift */ = {isa = PBXFileReference; lastKnownFileType = sourcecode.swift; path = CompleteColorTab.swift; sourceTree = "<group>"; };
		473B0DB126A9C9A20011293C /* CompletePatternTab.swift */ = {isa = PBXFileReference; lastKnownFileType = sourcecode.swift; path = CompletePatternTab.swift; sourceTree = "<group>"; };
		473B0DB426A9CA1E0011293C /* GradientRectangleB_R.swift */ = {isa = PBXFileReference; lastKnownFileType = sourcecode.swift; path = GradientRectangleB_R.swift; sourceTree = "<group>"; };
		473B0DB626A9CA390011293C /* GradientRectangleP_B_G.swift */ = {isa = PBXFileReference; lastKnownFileType = sourcecode.swift; path = GradientRectangleP_B_G.swift; sourceTree = "<group>"; };
		473B0DB826A9CA4C0011293C /* GradientRectangleG_P.swift */ = {isa = PBXFileReference; lastKnownFileType = sourcecode.swift; path = GradientRectangleG_P.swift; sourceTree = "<group>"; };
		473B0DBB26A9CA7F0011293C /* RepeatingBitCloutBackground.swift */ = {isa = PBXFileReference; lastKnownFileType = sourcecode.swift; path = RepeatingBitCloutBackground.swift; sourceTree = "<group>"; };
		473B0DBD26A9CAD10011293C /* BigBitCloutLogo.swift */ = {isa = PBXFileReference; lastKnownFileType = sourcecode.swift; path = BigBitCloutLogo.swift; sourceTree = "<group>"; };
		473B0DBF26A9CB190011293C /* EmptyPattern.swift */ = {isa = PBXFileReference; lastKnownFileType = sourcecode.swift; path = EmptyPattern.swift; sourceTree = "<group>"; };
		473B0DC226A9CB420011293C /* Clout.swift */ = {isa = PBXFileReference; lastKnownFileType = sourcecode.swift; path = Clout.swift; sourceTree = "<group>"; };
		473B0DC426A9CBBE0011293C /* CustomiserModel.swift */ = {isa = PBXFileReference; lastKnownFileType = sourcecode.swift; path = CustomiserModel.swift; sourceTree = "<group>"; };
		473B0DC626A9CBE40011293C /* PostFound.swift */ = {isa = PBXFileReference; lastKnownFileType = sourcecode.swift; path = PostFound.swift; sourceTree = "<group>"; };
		473B0DCA26A9CD860011293C /* MyImageView.swift */ = {isa = PBXFileReference; lastKnownFileType = sourcecode.swift; path = MyImageView.swift; sourceTree = "<group>"; };
		473F85B826A9C64F00F40BA7 /* ShareClout.app */ = {isa = PBXFileReference; explicitFileType = wrapper.application; includeInIndex = 0; path = ShareClout.app; sourceTree = BUILT_PRODUCTS_DIR; };
		473F85BB26A9C64F00F40BA7 /* ShareCloutApp.swift */ = {isa = PBXFileReference; lastKnownFileType = sourcecode.swift; path = ShareCloutApp.swift; sourceTree = "<group>"; };
		473F85BF26A9C64F00F40BA7 /* Assets.xcassets */ = {isa = PBXFileReference; lastKnownFileType = folder.assetcatalog; path = Assets.xcassets; sourceTree = "<group>"; };
		473F85C226A9C64F00F40BA7 /* Preview Assets.xcassets */ = {isa = PBXFileReference; lastKnownFileType = folder.assetcatalog; path = "Preview Assets.xcassets"; sourceTree = "<group>"; };
		473F85C426A9C64F00F40BA7 /* Info.plist */ = {isa = PBXFileReference; lastKnownFileType = text.plist.xml; path = Info.plist; sourceTree = "<group>"; };
		473F85CD26A9C6A100F40BA7 /* Home.swift */ = {isa = PBXFileReference; lastKnownFileType = sourcecode.swift; path = Home.swift; sourceTree = "<group>"; };
/* End PBXFileReference section */

/* Begin PBXFrameworksBuildPhase section */
		473F85B526A9C64F00F40BA7 /* Frameworks */ = {
			isa = PBXFrameworksBuildPhase;
			buildActionMask = 2147483647;
			files = (
				473B0DA026A9C8420011293C /* SwiftUIX in Frameworks */,
			);
			runOnlyForDeploymentPostprocessing = 0;
		};
/* End PBXFrameworksBuildPhase section */

/* Begin PBXGroup section */
		473B0DA126A9C87D0011293C /* Home */ = {
			isa = PBXGroup;
			children = (
				473F85CD26A9C6A100F40BA7 /* Home.swift */,
				473B0DA226A9C88E0011293C /* Background.swift */,
				473B0DA426A9C8CE0011293C /* MainRectangle.swift */,
				473B0DA626A9C8E90011293C /* DesignButton.swift */,
				473B0DA826A9C9030011293C /* CloutTextField.swift */,
			);
			path = Home;
			sourceTree = "<group>";
		};
		473B0DAA26A9C9190011293C /* NewDesignScreen */ = {
			isa = PBXGroup;
			children = (
				473B0DAB26A9C92B0011293C /* NewDesignScreen.swift */,
				473B0DAD26A9C9680011293C /* Customister.swift */,
				473B0DAF26A9C9840011293C /* CompleteColorTab.swift */,
				473B0DB126A9C9A20011293C /* CompletePatternTab.swift */,
				473B0DB326A9C9C80011293C /* BackgroundGradients */,
				473B0DBA26A9CA550011293C /* PatternBackgrounds */,
			);
			path = NewDesignScreen;
			sourceTree = "<group>";
		};
		473B0DB326A9C9C80011293C /* BackgroundGradients */ = {
			isa = PBXGroup;
			children = (
				473B0DB426A9CA1E0011293C /* GradientRectangleB_R.swift */,
				473B0DB626A9CA390011293C /* GradientRectangleP_B_G.swift */,
				473B0DB826A9CA4C0011293C /* GradientRectangleG_P.swift */,
			);
			path = BackgroundGradients;
			sourceTree = "<group>";
		};
		473B0DBA26A9CA550011293C /* PatternBackgrounds */ = {
			isa = PBXGroup;
			children = (
				473B0DBB26A9CA7F0011293C /* RepeatingBitCloutBackground.swift */,
				473B0DBD26A9CAD10011293C /* BigBitCloutLogo.swift */,
				473B0DBF26A9CB190011293C /* EmptyPattern.swift */,
			);
			path = PatternBackgrounds;
			sourceTree = "<group>";
		};
		473B0DC126A9CB300011293C /* Clout */ = {
			isa = PBXGroup;
			children = (
				473B0DC226A9CB420011293C /* Clout.swift */,
			);
			path = Clout;
			sourceTree = "<group>";
		};
		473B0DC926A9CD2E0011293C /* HighDefImages */ = {
			isa = PBXGroup;
			children = (
				473B0DCA26A9CD860011293C /* MyImageView.swift */,
			);
			path = HighDefImages;
			sourceTree = "<group>";
		};
		473F85AF26A9C64F00F40BA7 = {
			isa = PBXGroup;
			children = (
				473F85BA26A9C64F00F40BA7 /* ShareClout */,
				473F85B926A9C64F00F40BA7 /* Products */,
			);
			sourceTree = "<group>";
		};
		473F85B926A9C64F00F40BA7 /* Products */ = {
			isa = PBXGroup;
			children = (
				473F85B826A9C64F00F40BA7 /* ShareClout.app */,
			);
			name = Products;
			sourceTree = "<group>";
		};
		473F85BA26A9C64F00F40BA7 /* ShareClout */ = {
			isa = PBXGroup;
			children = (
				473F85BB26A9C64F00F40BA7 /* ShareCloutApp.swift */,
				473F85CA26A9C66E00F40BA7 /* Views */,
				473F85CB26A9C67300F40BA7 /* Models */,
				473F85CC26A9C67900F40BA7 /* ViewModels */,
				473F85BF26A9C64F00F40BA7 /* Assets.xcassets */,
				473F85C426A9C64F00F40BA7 /* Info.plist */,
				473F85C126A9C64F00F40BA7 /* Preview Content */,
			);
			path = ShareClout;
			sourceTree = "<group>";
		};
		473F85C126A9C64F00F40BA7 /* Preview Content */ = {
			isa = PBXGroup;
			children = (
				473F85C226A9C64F00F40BA7 /* Preview Assets.xcassets */,
			);
			path = "Preview Content";
			sourceTree = "<group>";
		};
		473F85CA26A9C66E00F40BA7 /* Views */ = {
			isa = PBXGroup;
			children = (
				473B0DA126A9C87D0011293C /* Home */,
				473B0DAA26A9C9190011293C /* NewDesignScreen */,
				473B0DC126A9CB300011293C /* Clout */,
				473B0DC926A9CD2E0011293C /* HighDefImages */,
			);
			path = Views;
			sourceTree = "<group>";
		};
		473F85CB26A9C67300F40BA7 /* Models */ = {
			isa = PBXGroup;
			children = (
				473B0DC426A9CBBE0011293C /* CustomiserModel.swift */,
				473B0DC626A9CBE40011293C /* PostFound.swift */,
			);
			path = Models;
			sourceTree = "<group>";
		};
		473F85CC26A9C67900F40BA7 /* ViewModels */ = {
			isa = PBXGroup;
			children = (
			);
			path = ViewModels;
			sourceTree = "<group>";
		};
/* End PBXGroup section */

/* Begin PBXNativeTarget section */
		473F85B726A9C64F00F40BA7 /* ShareClout */ = {
			isa = PBXNativeTarget;
			buildConfigurationList = 473F85C726A9C64F00F40BA7 /* Build configuration list for PBXNativeTarget "ShareClout" */;
			buildPhases = (
				473F85B426A9C64F00F40BA7 /* Sources */,
				473F85B526A9C64F00F40BA7 /* Frameworks */,
				473F85B626A9C64F00F40BA7 /* Resources */,
			);
			buildRules = (
			);
			dependencies = (
			);
			name = ShareClout;
			packageProductDependencies = (
				473B0D9F26A9C8420011293C /* SwiftUIX */,
			);
			productName = ShareClout;
			productReference = 473F85B826A9C64F00F40BA7 /* ShareClout.app */;
			productType = "com.apple.product-type.application";
		};
/* End PBXNativeTarget section */

/* Begin PBXProject section */
		473F85B026A9C64F00F40BA7 /* Project object */ = {
			isa = PBXProject;
			attributes = {
				LastSwiftUpdateCheck = 1250;
				LastUpgradeCheck = 1250;
				TargetAttributes = {
					473F85B726A9C64F00F40BA7 = {
						CreatedOnToolsVersion = 12.5.1;
					};
				};
			};
			buildConfigurationList = 473F85B326A9C64F00F40BA7 /* Build configuration list for PBXProject "ShareClout" */;
			compatibilityVersion = "Xcode 9.3";
			developmentRegion = en;
			hasScannedForEncodings = 0;
			knownRegions = (
				en,
				Base,
			);
			mainGroup = 473F85AF26A9C64F00F40BA7;
			packageReferences = (
				473B0D9E26A9C8420011293C /* XCRemoteSwiftPackageReference "SwiftUIX" */,
			);
			productRefGroup = 473F85B926A9C64F00F40BA7 /* Products */;
			projectDirPath = "";
			projectRoot = "";
			targets = (
				473F85B726A9C64F00F40BA7 /* ShareClout */,
			);
		};
/* End PBXProject section */

/* Begin PBXResourcesBuildPhase section */
		473F85B626A9C64F00F40BA7 /* Resources */ = {
			isa = PBXResourcesBuildPhase;
			buildActionMask = 2147483647;
			files = (
				473F85C326A9C64F00F40BA7 /* Preview Assets.xcassets in Resources */,
				473F85C026A9C64F00F40BA7 /* Assets.xcassets in Resources */,
			);
			runOnlyForDeploymentPostprocessing = 0;
		};
/* End PBXResourcesBuildPhase section */

/* Begin PBXSourcesBuildPhase section */
		473F85B426A9C64F00F40BA7 /* Sources */ = {
			isa = PBXSourcesBuildPhase;
			buildActionMask = 2147483647;
			files = (
				473B0DCB26A9CD860011293C /* MyImageView.swift in Sources */,
				473B0DB526A9CA1E0011293C /* GradientRectangleB_R.swift in Sources */,
				473B0DA526A9C8CE0011293C /* MainRectangle.swift in Sources */,
				473B0DB926A9CA4C0011293C /* GradientRectangleG_P.swift in Sources */,
				473B0DA926A9C9030011293C /* CloutTextField.swift in Sources */,
				473F85CE26A9C6A100F40BA7 /* Home.swift in Sources */,
				473F85BC26A9C64F00F40BA7 /* ShareCloutApp.swift in Sources */,
				473B0DB726A9CA390011293C /* GradientRectangleP_B_G.swift in Sources */,
				473B0DAC26A9C92B0011293C /* NewDesignScreen.swift in Sources */,
				473B0DBE26A9CAD10011293C /* BigBitCloutLogo.swift in Sources */,
				473B0DB226A9C9A20011293C /* CompletePatternTab.swift in Sources */,
				473B0DC026A9CB190011293C /* EmptyPattern.swift in Sources */,
				473B0DA326A9C88E0011293C /* Background.swift in Sources */,
				473B0DC326A9CB420011293C /* Clout.swift in Sources */,
				473B0DAE26A9C9680011293C /* Customister.swift in Sources */,
				473B0DB026A9C9840011293C /* CompleteColorTab.swift in Sources */,
				473B0DC526A9CBBE0011293C /* CustomiserModel.swift in Sources */,
				473B0DA726A9C8E90011293C /* DesignButton.swift in Sources */,
				473B0DC726A9CBE40011293C /* PostFound.swift in Sources */,
				473B0DBC26A9CA7F0011293C /* RepeatingBitCloutBackground.swift in Sources */,
			);
			runOnlyForDeploymentPostprocessing = 0;
		};
/* End PBXSourcesBuildPhase section */

/* Begin XCBuildConfiguration section */
		473F85C526A9C64F00F40BA7 /* Debug */ = {
			isa = XCBuildConfiguration;
			buildSettings = {
				ALWAYS_SEARCH_USER_PATHS = NO;
				CLANG_ANALYZER_NONNULL = YES;
				CLANG_ANALYZER_NUMBER_OBJECT_CONVERSION = YES_AGGRESSIVE;
				CLANG_CXX_LANGUAGE_STANDARD = "gnu++14";
				CLANG_CXX_LIBRARY = "libc++";
				CLANG_ENABLE_MODULES = YES;
				CLANG_ENABLE_OBJC_ARC = YES;
				CLANG_ENABLE_OBJC_WEAK = YES;
				CLANG_WARN_BLOCK_CAPTURE_AUTORELEASING = YES;
				CLANG_WARN_BOOL_CONVERSION = YES;
				CLANG_WARN_COMMA = YES;
				CLANG_WARN_CONSTANT_CONVERSION = YES;
				CLANG_WARN_DEPRECATED_OBJC_IMPLEMENTATIONS = YES;
				CLANG_WARN_DIRECT_OBJC_ISA_USAGE = YES_ERROR;
				CLANG_WARN_DOCUMENTATION_COMMENTS = YES;
				CLANG_WARN_EMPTY_BODY = YES;
				CLANG_WARN_ENUM_CONVERSION = YES;
				CLANG_WARN_INFINITE_RECURSION = YES;
				CLANG_WARN_INT_CONVERSION = YES;
				CLANG_WARN_NON_LITERAL_NULL_CONVERSION = YES;
				CLANG_WARN_OBJC_IMPLICIT_RETAIN_SELF = YES;
				CLANG_WARN_OBJC_LITERAL_CONVERSION = YES;
				CLANG_WARN_OBJC_ROOT_CLASS = YES_ERROR;
				CLANG_WARN_QUOTED_INCLUDE_IN_FRAMEWORK_HEADER = YES;
				CLANG_WARN_RANGE_LOOP_ANALYSIS = YES;
				CLANG_WARN_STRICT_PROTOTYPES = YES;
				CLANG_WARN_SUSPICIOUS_MOVE = YES;
				CLANG_WARN_UNGUARDED_AVAILABILITY = YES_AGGRESSIVE;
				CLANG_WARN_UNREACHABLE_CODE = YES;
				CLANG_WARN__DUPLICATE_METHOD_MATCH = YES;
				COPY_PHASE_STRIP = NO;
				DEBUG_INFORMATION_FORMAT = dwarf;
				ENABLE_STRICT_OBJC_MSGSEND = YES;
				ENABLE_TESTABILITY = YES;
				GCC_C_LANGUAGE_STANDARD = gnu11;
				GCC_DYNAMIC_NO_PIC = NO;
				GCC_NO_COMMON_BLOCKS = YES;
				GCC_OPTIMIZATION_LEVEL = 0;
				GCC_PREPROCESSOR_DEFINITIONS = (
					"DEBUG=1",
					"$(inherited)",
				);
				GCC_WARN_64_TO_32_BIT_CONVERSION = YES;
				GCC_WARN_ABOUT_RETURN_TYPE = YES_ERROR;
				GCC_WARN_UNDECLARED_SELECTOR = YES;
				GCC_WARN_UNINITIALIZED_AUTOS = YES_AGGRESSIVE;
				GCC_WARN_UNUSED_FUNCTION = YES;
				GCC_WARN_UNUSED_VARIABLE = YES;
				IPHONEOS_DEPLOYMENT_TARGET = 14.5;
				MTL_ENABLE_DEBUG_INFO = INCLUDE_SOURCE;
				MTL_FAST_MATH = YES;
				ONLY_ACTIVE_ARCH = YES;
				SDKROOT = iphoneos;
				SWIFT_ACTIVE_COMPILATION_CONDITIONS = DEBUG;
				SWIFT_OPTIMIZATION_LEVEL = "-Onone";
			};
			name = Debug;
		};
		473F85C626A9C64F00F40BA7 /* Release */ = {
			isa = XCBuildConfiguration;
			buildSettings = {
				ALWAYS_SEARCH_USER_PATHS = NO;
				CLANG_ANALYZER_NONNULL = YES;
				CLANG_ANALYZER_NUMBER_OBJECT_CONVERSION = YES_AGGRESSIVE;
				CLANG_CXX_LANGUAGE_STANDARD = "gnu++14";
				CLANG_CXX_LIBRARY = "libc++";
				CLANG_ENABLE_MODULES = YES;
				CLANG_ENABLE_OBJC_ARC = YES;
				CLANG_ENABLE_OBJC_WEAK = YES;
				CLANG_WARN_BLOCK_CAPTURE_AUTORELEASING = YES;
				CLANG_WARN_BOOL_CONVERSION = YES;
				CLANG_WARN_COMMA = YES;
				CLANG_WARN_CONSTANT_CONVERSION = YES;
				CLANG_WARN_DEPRECATED_OBJC_IMPLEMENTATIONS = YES;
				CLANG_WARN_DIRECT_OBJC_ISA_USAGE = YES_ERROR;
				CLANG_WARN_DOCUMENTATION_COMMENTS = YES;
				CLANG_WARN_EMPTY_BODY = YES;
				CLANG_WARN_ENUM_CONVERSION = YES;
				CLANG_WARN_INFINITE_RECURSION = YES;
				CLANG_WARN_INT_CONVERSION = YES;
				CLANG_WARN_NON_LITERAL_NULL_CONVERSION = YES;
				CLANG_WARN_OBJC_IMPLICIT_RETAIN_SELF = YES;
				CLANG_WARN_OBJC_LITERAL_CONVERSION = YES;
				CLANG_WARN_OBJC_ROOT_CLASS = YES_ERROR;
				CLANG_WARN_QUOTED_INCLUDE_IN_FRAMEWORK_HEADER = YES;
				CLANG_WARN_RANGE_LOOP_ANALYSIS = YES;
				CLANG_WARN_STRICT_PROTOTYPES = YES;
				CLANG_WARN_SUSPICIOUS_MOVE = YES;
				CLANG_WARN_UNGUARDED_AVAILABILITY = YES_AGGRESSIVE;
				CLANG_WARN_UNREACHABLE_CODE = YES;
				CLANG_WARN__DUPLICATE_METHOD_MATCH = YES;
				COPY_PHASE_STRIP = NO;
				DEBUG_INFORMATION_FORMAT = "dwarf-with-dsym";
				ENABLE_NS_ASSERTIONS = NO;
				ENABLE_STRICT_OBJC_MSGSEND = YES;
				GCC_C_LANGUAGE_STANDARD = gnu11;
				GCC_NO_COMMON_BLOCKS = YES;
				GCC_WARN_64_TO_32_BIT_CONVERSION = YES;
				GCC_WARN_ABOUT_RETURN_TYPE = YES_ERROR;
				GCC_WARN_UNDECLARED_SELECTOR = YES;
				GCC_WARN_UNINITIALIZED_AUTOS = YES_AGGRESSIVE;
				GCC_WARN_UNUSED_FUNCTION = YES;
				GCC_WARN_UNUSED_VARIABLE = YES;
				IPHONEOS_DEPLOYMENT_TARGET = 14.5;
				MTL_ENABLE_DEBUG_INFO = NO;
				MTL_FAST_MATH = YES;
				SDKROOT = iphoneos;
				SWIFT_COMPILATION_MODE = wholemodule;
				SWIFT_OPTIMIZATION_LEVEL = "-O";
				VALIDATE_PRODUCT = YES;
			};
			name = Release;
		};
		473F85C826A9C64F00F40BA7 /* Debug */ = {
			isa = XCBuildConfiguration;
			buildSettings = {
				ASSETCATALOG_COMPILER_APPICON_NAME = AppIcon;
				ASSETCATALOG_COMPILER_GLOBAL_ACCENT_COLOR_NAME = AccentColor;
				CODE_SIGN_STYLE = Automatic;
				DEVELOPMENT_ASSET_PATHS = "\"ShareClout/Preview Content\"";
				DEVELOPMENT_TEAM = 48F5YYF5VU;
				ENABLE_PREVIEWS = YES;
				INFOPLIST_FILE = ShareClout/Info.plist;
				IPHONEOS_DEPLOYMENT_TARGET = 14.0;
				LD_RUNPATH_SEARCH_PATHS = (
					"$(inherited)",
					"@executable_path/Frameworks",
				);
				PRODUCT_BUNDLE_IDENTIFIER = com.danielkamel.ShareClout;
				PRODUCT_NAME = "$(TARGET_NAME)";
				SWIFT_VERSION = 5.0;
				TARGETED_DEVICE_FAMILY = "1,2";
			};
			name = Debug;
		};
		473F85C926A9C64F00F40BA7 /* Release */ = {
			isa = XCBuildConfiguration;
			buildSettings = {
				ASSETCATALOG_COMPILER_APPICON_NAME = AppIcon;
				ASSETCATALOG_COMPILER_GLOBAL_ACCENT_COLOR_NAME = AccentColor;
				CODE_SIGN_STYLE = Automatic;
				DEVELOPMENT_ASSET_PATHS = "\"ShareClout/Preview Content\"";
				DEVELOPMENT_TEAM = 48F5YYF5VU;
				ENABLE_PREVIEWS = YES;
				INFOPLIST_FILE = ShareClout/Info.plist;
				IPHONEOS_DEPLOYMENT_TARGET = 14.0;
				LD_RUNPATH_SEARCH_PATHS = (
					"$(inherited)",
					"@executable_path/Frameworks",
				);
				PRODUCT_BUNDLE_IDENTIFIER = com.danielkamel.ShareClout;
				PRODUCT_NAME = "$(TARGET_NAME)";
				SWIFT_VERSION = 5.0;
				TARGETED_DEVICE_FAMILY = "1,2";
			};
			name = Release;
		};
/* End XCBuildConfiguration section */

/* Begin XCConfigurationList section */
		473F85B326A9C64F00F40BA7 /* Build configuration list for PBXProject "ShareClout" */ = {
			isa = XCConfigurationList;
			buildConfigurations = (
				473F85C526A9C64F00F40BA7 /* Debug */,
				473F85C626A9C64F00F40BA7 /* Release */,
			);
			defaultConfigurationIsVisible = 0;
			defaultConfigurationName = Release;
		};
		473F85C726A9C64F00F40BA7 /* Build configuration list for PBXNativeTarget "ShareClout" */ = {
			isa = XCConfigurationList;
			buildConfigurations = (
				473F85C826A9C64F00F40BA7 /* Debug */,
				473F85C926A9C64F00F40BA7 /* Release */,
			);
			defaultConfigurationIsVisible = 0;
			defaultConfigurationName = Release;
		};
/* End XCConfigurationList section */

/* Begin XCRemoteSwiftPackageReference section */
		473B0D9E26A9C8420011293C /* XCRemoteSwiftPackageReference "SwiftUIX" */ = {
			isa = XCRemoteSwiftPackageReference;
			repositoryURL = "https://github.com/SwiftUIX/SwiftUIX";
			requirement = {
				branch = master;
				kind = branch;
			};
		};
/* End XCRemoteSwiftPackageReference section */

/* Begin XCSwiftPackageProductDependency section */
		473B0D9F26A9C8420011293C /* SwiftUIX */ = {
			isa = XCSwiftPackageProductDependency;
			package = 473B0D9E26A9C8420011293C /* XCRemoteSwiftPackageReference "SwiftUIX" */;
			productName = SwiftUIX;
		};
/* End XCSwiftPackageProductDependency section */
	};
	rootObject = 473F85B026A9C64F00F40BA7 /* Project object */;
}
